// !$*UTF8*$!
{
	archiveVersion = 1;
	classes = {
	};
	objectVersion = 56;
	objects = {

/* Begin PBXBuildFile section */
		120364EAFA769E1AD76D35BB /* Pods_Firebase_IAM.framework in Frameworks */ = {isa = PBXBuildFile; fileRef = EE1E2B8169AF2D515B8923D6 /* Pods_Firebase_IAM.framework */; };
		DA06421428E2FB4C005F117B /* AppDelegate.swift in Sources */ = {isa = PBXBuildFile; fileRef = DA06421328E2FB4C005F117B /* AppDelegate.swift */; };
		DAA4221628E2F7F800B088F2 /* SampleApp.swift in Sources */ = {isa = PBXBuildFile; fileRef = DAA4221528E2F7F800B088F2 /* SampleApp.swift */; };
		DAA4221828E2F7F800B088F2 /* ContentView.swift in Sources */ = {isa = PBXBuildFile; fileRef = DAA4221728E2F7F800B088F2 /* ContentView.swift */; };
		DAA4221A28E2F7F900B088F2 /* Assets.xcassets in Resources */ = {isa = PBXBuildFile; fileRef = DAA4221928E2F7F900B088F2 /* Assets.xcassets */; };
		DAA4221D28E2F7F900B088F2 /* Preview Assets.xcassets in Resources */ = {isa = PBXBuildFile; fileRef = DAA4221C28E2F7F900B088F2 /* Preview Assets.xcassets */; };
/* End PBXBuildFile section */

/* Begin PBXFileReference section */
		008100523B90BC9679C92A2B /* Pods-Firebase-IAM.release.xcconfig */ = {isa = PBXFileReference; includeInIndex = 1; lastKnownFileType = text.xcconfig; name = "Pods-Firebase-IAM.release.xcconfig"; path = "Target Support Files/Pods-Firebase-IAM/Pods-Firebase-IAM.release.xcconfig"; sourceTree = "<group>"; };
		08276523664D7CD657578731 /* Pods-Firebase-IAMM.release.xcconfig */ = {isa = PBXFileReference; includeInIndex = 1; lastKnownFileType = text.xcconfig; name = "Pods-Firebase-IAMM.release.xcconfig"; path = "Target Support Files/Pods-Firebase-IAMM/Pods-Firebase-IAMM.release.xcconfig"; sourceTree = "<group>"; };
		2543A5C47DD1B161DF53286F /* Pods-Firebase-IAM.debug.xcconfig */ = {isa = PBXFileReference; includeInIndex = 1; lastKnownFileType = text.xcconfig; name = "Pods-Firebase-IAM.debug.xcconfig"; path = "Target Support Files/Pods-Firebase-IAM/Pods-Firebase-IAM.debug.xcconfig"; sourceTree = "<group>"; };
		ACA6BAC40D59D3CBE41CE869 /* Pods-Firebase-IAMM.debug.xcconfig */ = {isa = PBXFileReference; includeInIndex = 1; lastKnownFileType = text.xcconfig; name = "Pods-Firebase-IAMM.debug.xcconfig"; path = "Target Support Files/Pods-Firebase-IAMM/Pods-Firebase-IAMM.debug.xcconfig"; sourceTree = "<group>"; };
		DA06421328E2FB4C005F117B /* AppDelegate.swift */ = {isa = PBXFileReference; lastKnownFileType = sourcecode.swift; path = AppDelegate.swift; sourceTree = "<group>"; };
		DAA4221228E2F7F800B088F2 /* Firebase-IAM.app */ = {isa = PBXFileReference; explicitFileType = wrapper.application; includeInIndex = 0; path = "Firebase-IAM.app"; sourceTree = BUILT_PRODUCTS_DIR; };
		DAA4221528E2F7F800B088F2 /* SampleApp.swift */ = {isa = PBXFileReference; lastKnownFileType = sourcecode.swift; path = SampleApp.swift; sourceTree = "<group>"; };
		DAA4221728E2F7F800B088F2 /* ContentView.swift */ = {isa = PBXFileReference; lastKnownFileType = sourcecode.swift; path = ContentView.swift; sourceTree = "<group>"; };
		DAA4221928E2F7F900B088F2 /* Assets.xcassets */ = {isa = PBXFileReference; lastKnownFileType = folder.assetcatalog; path = Assets.xcassets; sourceTree = "<group>"; };
		DAA4221C28E2F7F900B088F2 /* Preview Assets.xcassets */ = {isa = PBXFileReference; lastKnownFileType = folder.assetcatalog; path = "Preview Assets.xcassets"; sourceTree = "<group>"; };
		EE1E2B8169AF2D515B8923D6 /* Pods_Firebase_IAM.framework */ = {isa = PBXFileReference; explicitFileType = wrapper.framework; includeInIndex = 0; path = Pods_Firebase_IAM.framework; sourceTree = BUILT_PRODUCTS_DIR; };
/* End PBXFileReference section */

/* Begin PBXFrameworksBuildPhase section */
		DAA4220F28E2F7F800B088F2 /* Frameworks */ = {
			isa = PBXFrameworksBuildPhase;
			buildActionMask = 2147483647;
			files = (
				120364EAFA769E1AD76D35BB /* Pods_Firebase_IAM.framework in Frameworks */,
			);
			runOnlyForDeploymentPostprocessing = 0;
		};
/* End PBXFrameworksBuildPhase section */

/* Begin PBXGroup section */
		8510EA070DFC3609F11D143C /* Frameworks */ = {
			isa = PBXGroup;
			children = (
				EE1E2B8169AF2D515B8923D6 /* Pods_Firebase_IAM.framework */,
			);
			name = Frameworks;
			sourceTree = "<group>";
		};
		94CCCFD2377BA0BD8EC0D8E4 /* Pods */ = {
			isa = PBXGroup;
			children = (
				ACA6BAC40D59D3CBE41CE869 /* Pods-Firebase-IAMM.debug.xcconfig */,
				08276523664D7CD657578731 /* Pods-Firebase-IAMM.release.xcconfig */,
				2543A5C47DD1B161DF53286F /* Pods-Firebase-IAM.debug.xcconfig */,
				008100523B90BC9679C92A2B /* Pods-Firebase-IAM.release.xcconfig */,
			);
			path = Pods;
			sourceTree = "<group>";
		};
		DAA4220928E2F7F800B088F2 = {
			isa = PBXGroup;
			children = (
				DAA4221428E2F7F800B088F2 /* Firebase-IAM */,
				DAA4221328E2F7F800B088F2 /* Products */,
				94CCCFD2377BA0BD8EC0D8E4 /* Pods */,
				8510EA070DFC3609F11D143C /* Frameworks */,
			);
			sourceTree = "<group>";
		};
		DAA4221328E2F7F800B088F2 /* Products */ = {
			isa = PBXGroup;
			children = (
				DAA4221228E2F7F800B088F2 /* Firebase-IAM.app */,
			);
			name = Products;
			sourceTree = "<group>";
		};
		DAA4221428E2F7F800B088F2 /* Firebase-IAM */ = {
			isa = PBXGroup;
			children = (
				DA06421328E2FB4C005F117B /* AppDelegate.swift */,
				DAA4221728E2F7F800B088F2 /* ContentView.swift */,
				DAA4221528E2F7F800B088F2 /* SampleApp.swift */,
				DAA4221928E2F7F900B088F2 /* Assets.xcassets */,
				DAA4221B28E2F7F900B088F2 /* Preview Content */,
			);
			path = "Firebase-IAM";
			sourceTree = "<group>";
		};
		DAA4221B28E2F7F900B088F2 /* Preview Content */ = {
			isa = PBXGroup;
			children = (
				DAA4221C28E2F7F900B088F2 /* Preview Assets.xcassets */,
			);
			path = "Preview Content";
			sourceTree = "<group>";
		};
/* End PBXGroup section */

/* Begin PBXNativeTarget section */
		DAA4221128E2F7F800B088F2 /* Firebase-IAM */ = {
			isa = PBXNativeTarget;
			buildConfigurationList = DAA4222028E2F7F900B088F2 /* Build configuration list for PBXNativeTarget "Firebase-IAM" */;
			buildPhases = (
				F006B4C3512226A8758F4EB9 /* [CP] Check Pods Manifest.lock */,
				DAA4220E28E2F7F800B088F2 /* Sources */,
				DAA4220F28E2F7F800B088F2 /* Frameworks */,
				DAA4221028E2F7F800B088F2 /* Resources */,
				4FE205EEF27B6CA58CB2F326 /* [CP] Copy Pods Resources */,
			);
			buildRules = (
			);
			dependencies = (
			);
			name = "Firebase-IAM";
			productName = "Firebase-IAMM";
			productReference = DAA4221228E2F7F800B088F2 /* Firebase-IAM.app */;
			productType = "com.apple.product-type.application";
		};
/* End PBXNativeTarget section */

/* Begin PBXProject section */
		DAA4220A28E2F7F800B088F2 /* Project object */ = {
			isa = PBXProject;
			attributes = {
				BuildIndependentTargetsInParallel = 1;
				LastSwiftUpdateCheck = 1400;
				LastUpgradeCheck = 1400;
				TargetAttributes = {
					DAA4221128E2F7F800B088F2 = {
						CreatedOnToolsVersion = 14.0;
					};
				};
			};
			buildConfigurationList = DAA4220D28E2F7F800B088F2 /* Build configuration list for PBXProject "Firebase-IAM" */;
			compatibilityVersion = "Xcode 14.0";
			developmentRegion = en;
			hasScannedForEncodings = 0;
			knownRegions = (
				en,
				Base,
			);
			mainGroup = DAA4220928E2F7F800B088F2;
			productRefGroup = DAA4221328E2F7F800B088F2 /* Products */;
			projectDirPath = "";
			projectRoot = "";
			targets = (
				DAA4221128E2F7F800B088F2 /* Firebase-IAM */,
			);
		};
/* End PBXProject section */

/* Begin PBXResourcesBuildPhase section */
		DAA4221028E2F7F800B088F2 /* Resources */ = {
			isa = PBXResourcesBuildPhase;
			buildActionMask = 2147483647;
			files = (
				DAA4221D28E2F7F900B088F2 /* Preview Assets.xcassets in Resources */,
				DAA4221A28E2F7F900B088F2 /* Assets.xcassets in Resources */,
			);
			runOnlyForDeploymentPostprocessing = 0;
		};
/* End PBXResourcesBuildPhase section */

/* Begin PBXShellScriptBuildPhase section */
		4FE205EEF27B6CA58CB2F326 /* [CP] Copy Pods Resources */ = {
			isa = PBXShellScriptBuildPhase;
			buildActionMask = 2147483647;
			files = (
			);
			inputFileListPaths = (
				"${PODS_ROOT}/Target Support Files/Pods-Firebase-IAM/Pods-Firebase-IAM-resources-${CONFIGURATION}-input-files.xcfilelist",
			);
			name = "[CP] Copy Pods Resources";
			outputFileListPaths = (
				"${PODS_ROOT}/Target Support Files/Pods-Firebase-IAM/Pods-Firebase-IAM-resources-${CONFIGURATION}-output-files.xcfilelist",
			);
			runOnlyForDeploymentPostprocessing = 0;
			shellPath = /bin/sh;
			shellScript = "\"${PODS_ROOT}/Target Support Files/Pods-Firebase-IAM/Pods-Firebase-IAM-resources.sh\"\n";
			showEnvVarsInLog = 0;
		};
		F006B4C3512226A8758F4EB9 /* [CP] Check Pods Manifest.lock */ = {
			isa = PBXShellScriptBuildPhase;
			buildActionMask = 2147483647;
			files = (
			);
			inputFileListPaths = (
			);
			inputPaths = (
				"${PODS_PODFILE_DIR_PATH}/Podfile.lock",
				"${PODS_ROOT}/Manifest.lock",
			);
			name = "[CP] Check Pods Manifest.lock";
			outputFileListPaths = (
			);
			outputPaths = (
				"$(DERIVED_FILE_DIR)/Pods-Firebase-IAM-checkManifestLockResult.txt",
			);
			runOnlyForDeploymentPostprocessing = 0;
			shellPath = /bin/sh;
			shellScript = "diff \"${PODS_PODFILE_DIR_PATH}/Podfile.lock\" \"${PODS_ROOT}/Manifest.lock\" > /dev/null\nif [ $? != 0 ] ; then\n    # print error to STDERR\n    echo \"error: The sandbox is not in sync with the Podfile.lock. Run 'pod install' or update your CocoaPods installation.\" >&2\n    exit 1\nfi\n# This output is used by Xcode 'outputs' to avoid re-running this script phase.\necho \"SUCCESS\" > \"${SCRIPT_OUTPUT_FILE_0}\"\n";
			showEnvVarsInLog = 0;
		};
/* End PBXShellScriptBuildPhase section */

/* Begin PBXSourcesBuildPhase section */
		DAA4220E28E2F7F800B088F2 /* Sources */ = {
			isa = PBXSourcesBuildPhase;
			buildActionMask = 2147483647;
			files = (
				DA06421428E2FB4C005F117B /* AppDelegate.swift in Sources */,
				DAA4221828E2F7F800B088F2 /* ContentView.swift in Sources */,
				DAA4221628E2F7F800B088F2 /* SampleApp.swift in Sources */,
			);
			runOnlyForDeploymentPostprocessing = 0;
		};
/* End PBXSourcesBuildPhase section */

/* Begin XCBuildConfiguration section */
		DAA4221E28E2F7F900B088F2 /* Debug */ = {
			isa = XCBuildConfiguration;
			buildSettings = {
				ALWAYS_SEARCH_USER_PATHS = NO;
				CLANG_ANALYZER_NONNULL = YES;
				CLANG_ANALYZER_NUMBER_OBJECT_CONVERSION = YES_AGGRESSIVE;
				CLANG_CXX_LANGUAGE_STANDARD = "gnu++20";
				CLANG_ENABLE_MODULES = YES;
				CLANG_ENABLE_OBJC_ARC = YES;
				CLANG_ENABLE_OBJC_WEAK = YES;
				CLANG_WARN_BLOCK_CAPTURE_AUTORELEASING = YES;
				CLANG_WARN_BOOL_CONVERSION = YES;
				CLANG_WARN_COMMA = YES;
				CLANG_WARN_CONSTANT_CONVERSION = YES;
				CLANG_WARN_DEPRECATED_OBJC_IMPLEMENTATIONS = YES;
				CLANG_WARN_DIRECT_OBJC_ISA_USAGE = YES_ERROR;
				CLANG_WARN_DOCUMENTATION_COMMENTS = YES;
				CLANG_WARN_EMPTY_BODY = YES;
				CLANG_WARN_ENUM_CONVERSION = YES;
				CLANG_WARN_INFINITE_RECURSION = YES;
				CLANG_WARN_INT_CONVERSION = YES;
				CLANG_WARN_NON_LITERAL_NULL_CONVERSION = YES;
				CLANG_WARN_OBJC_IMPLICIT_RETAIN_SELF = YES;
				CLANG_WARN_OBJC_LITERAL_CONVERSION = YES;
				CLANG_WARN_OBJC_ROOT_CLASS = YES_ERROR;
				CLANG_WARN_QUOTED_INCLUDE_IN_FRAMEWORK_HEADER = YES;
				CLANG_WARN_RANGE_LOOP_ANALYSIS = YES;
				CLANG_WARN_STRICT_PROTOTYPES = YES;
				CLANG_WARN_SUSPICIOUS_MOVE = YES;
				CLANG_WARN_UNGUARDED_AVAILABILITY = YES_AGGRESSIVE;
				CLANG_WARN_UNREACHABLE_CODE = YES;
				CLANG_WARN__DUPLICATE_METHOD_MATCH = YES;
				COPY_PHASE_STRIP = NO;
				DEBUG_INFORMATION_FORMAT = dwarf;
				ENABLE_STRICT_OBJC_MSGSEND = YES;
				ENABLE_TESTABILITY = YES;
				GCC_C_LANGUAGE_STANDARD = gnu11;
				GCC_DYNAMIC_NO_PIC = NO;
				GCC_NO_COMMON_BLOCKS = YES;
				GCC_OPTIMIZATION_LEVEL = 0;
				GCC_PREPROCESSOR_DEFINITIONS = (
					"DEBUG=1",
					"$(inherited)",
				);
				GCC_WARN_64_TO_32_BIT_CONVERSION = YES;
				GCC_WARN_ABOUT_RETURN_TYPE = YES_ERROR;
				GCC_WARN_UNDECLARED_SELECTOR = YES;
				GCC_WARN_UNINITIALIZED_AUTOS = YES_AGGRESSIVE;
				GCC_WARN_UNUSED_FUNCTION = YES;
				GCC_WARN_UNUSED_VARIABLE = YES;
				IPHONEOS_DEPLOYMENT_TARGET = 14.0;
				MTL_ENABLE_DEBUG_INFO = INCLUDE_SOURCE;
				MTL_FAST_MATH = YES;
				ONLY_ACTIVE_ARCH = YES;
				SDKROOT = iphoneos;
				SWIFT_ACTIVE_COMPILATION_CONDITIONS = DEBUG;
				SWIFT_OPTIMIZATION_LEVEL = "-Onone";
			};
			name = Debug;
		};
		DAA4221F28E2F7F900B088F2 /* Release */ = {
			isa = XCBuildConfiguration;
			buildSettings = {
				ALWAYS_SEARCH_USER_PATHS = NO;
				CLANG_ANALYZER_NONNULL = YES;
				CLANG_ANALYZER_NUMBER_OBJECT_CONVERSION = YES_AGGRESSIVE;
				CLANG_CXX_LANGUAGE_STANDARD = "gnu++20";
				CLANG_ENABLE_MODULES = YES;
				CLANG_ENABLE_OBJC_ARC = YES;
				CLANG_ENABLE_OBJC_WEAK = YES;
				CLANG_WARN_BLOCK_CAPTURE_AUTORELEASING = YES;
				CLANG_WARN_BOOL_CONVERSION = YES;
				CLANG_WARN_COMMA = YES;
				CLANG_WARN_CONSTANT_CONVERSION = YES;
				CLANG_WARN_DEPRECATED_OBJC_IMPLEMENTATIONS = YES;
				CLANG_WARN_DIRECT_OBJC_ISA_USAGE = YES_ERROR;
				CLANG_WARN_DOCUMENTATION_COMMENTS = YES;
				CLANG_WARN_EMPTY_BODY = YES;
				CLANG_WARN_ENUM_CONVERSION = YES;
				CLANG_WARN_INFINITE_RECURSION = YES;
				CLANG_WARN_INT_CONVERSION = YES;
				CLANG_WARN_NON_LITERAL_NULL_CONVERSION = YES;
				CLANG_WARN_OBJC_IMPLICIT_RETAIN_SELF = YES;
				CLANG_WARN_OBJC_LITERAL_CONVERSION = YES;
				CLANG_WARN_OBJC_ROOT_CLASS = YES_ERROR;
				CLANG_WARN_QUOTED_INCLUDE_IN_FRAMEWORK_HEADER = YES;
				CLANG_WARN_RANGE_LOOP_ANALYSIS = YES;
				CLANG_WARN_STRICT_PROTOTYPES = YES;
				CLANG_WARN_SUSPICIOUS_MOVE = YES;
				CLANG_WARN_UNGUARDED_AVAILABILITY = YES_AGGRESSIVE;
				CLANG_WARN_UNREACHABLE_CODE = YES;
				CLANG_WARN__DUPLICATE_METHOD_MATCH = YES;
				COPY_PHASE_STRIP = NO;
				DEBUG_INFORMATION_FORMAT = "dwarf-with-dsym";
				ENABLE_NS_ASSERTIONS = NO;
				ENABLE_STRICT_OBJC_MSGSEND = YES;
				GCC_C_LANGUAGE_STANDARD = gnu11;
				GCC_NO_COMMON_BLOCKS = YES;
				GCC_WARN_64_TO_32_BIT_CONVERSION = YES;
				GCC_WARN_ABOUT_RETURN_TYPE = YES_ERROR;
				GCC_WARN_UNDECLARED_SELECTOR = YES;
				GCC_WARN_UNINITIALIZED_AUTOS = YES_AGGRESSIVE;
				GCC_WARN_UNUSED_FUNCTION = YES;
				GCC_WARN_UNUSED_VARIABLE = YES;
				IPHONEOS_DEPLOYMENT_TARGET = 14.0;
				MTL_ENABLE_DEBUG_INFO = NO;
				MTL_FAST_MATH = YES;
				SDKROOT = iphoneos;
				SWIFT_COMPILATION_MODE = wholemodule;
				SWIFT_OPTIMIZATION_LEVEL = "-O";
				VALIDATE_PRODUCT = YES;
			};
			name = Release;
		};
		DAA4222128E2F7F900B088F2 /* Debug */ = {
			isa = XCBuildConfiguration;
			baseConfigurationReference = 2543A5C47DD1B161DF53286F /* Pods-Firebase-IAM.debug.xcconfig */;
			buildSettings = {
				ASSETCATALOG_COMPILER_APPICON_NAME = AppIcon;
				ASSETCATALOG_COMPILER_GLOBAL_ACCENT_COLOR_NAME = AccentColor;
				CODE_SIGN_STYLE = Automatic;
				CURRENT_PROJECT_VERSION = 5;
				DEVELOPMENT_ASSET_PATHS = "\"Firebase-IAM/Preview Content\"";
				DEVELOPMENT_TEAM = "";
				ENABLE_PREVIEWS = YES;
				GENERATE_INFOPLIST_FILE = YES;
				INFOPLIST_KEY_UIApplicationSceneManifest_Generation = YES;
				INFOPLIST_KEY_UIApplicationSupportsIndirectInputEvents = YES;
				INFOPLIST_KEY_UILaunchScreen_Generation = YES;
				INFOPLIST_KEY_UISupportedInterfaceOrientations_iPad = "UIInterfaceOrientationPortrait UIInterfaceOrientationPortraitUpsideDown UIInterfaceOrientationLandscapeLeft UIInterfaceOrientationLandscapeRight";
				INFOPLIST_KEY_UISupportedInterfaceOrientations_iPhone = "UIInterfaceOrientationPortrait UIInterfaceOrientationLandscapeLeft UIInterfaceOrientationLandscapeRight";
				IPHONEOS_DEPLOYMENT_TARGET = 14.0;
				LD_RUNPATH_SEARCH_PATHS = (
					"$(inherited)",
					"@executable_path/Frameworks",
				);
				MARKETING_VERSION = 1.0.0;
				PRODUCT_BUNDLE_IDENTIFIER = "com.example.Firebase-IAM";
				PRODUCT_NAME = "$(TARGET_NAME)";
				SWIFT_EMIT_LOC_STRINGS = YES;
				SWIFT_VERSION = 5.0;
				TARGETED_DEVICE_FAMILY = "1,2";
			};
			name = Debug;
		};
		DAA4222228E2F7F900B088F2 /* Release */ = {
			isa = XCBuildConfiguration;
			baseConfigurationReference = 008100523B90BC9679C92A2B /* Pods-Firebase-IAM.release.xcconfig */;
			buildSettings = {
				ASSETCATALOG_COMPILER_APPICON_NAME = AppIcon;
				ASSETCATALOG_COMPILER_GLOBAL_ACCENT_COLOR_NAME = AccentColor;
				CODE_SIGN_STYLE = Automatic;
				CURRENT_PROJECT_VERSION = 5;
				DEVELOPMENT_ASSET_PATHS = "\"Firebase-IAM/Preview Content\"";
				DEVELOPMENT_TEAM = "";
				ENABLE_PREVIEWS = YES;
				GENERATE_INFOPLIST_FILE = YES;
				INFOPLIST_KEY_UIApplicationSceneManifest_Generation = YES;
				INFOPLIST_KEY_UIApplicationSupportsIndirectInputEvents = YES;
				INFOPLIST_KEY_UILaunchScreen_Generation = YES;
				INFOPLIST_KEY_UISupportedInterfaceOrientations_iPad = "UIInterfaceOrientationPortrait UIInterfaceOrientationPortraitUpsideDown UIInterfaceOrientationLandscapeLeft UIInterfaceOrientationLandscapeRight";
				INFOPLIST_KEY_UISupportedInterfaceOrientations_iPhone = "UIInterfaceOrientationPortrait UIInterfaceOrientationLandscapeLeft UIInterfaceOrientationLandscapeRight";
				IPHONEOS_DEPLOYMENT_TARGET = 14.0;
				LD_RUNPATH_SEARCH_PATHS = (
					"$(inherited)",
					"@executable_path/Frameworks",
				);
				MARKETING_VERSION = 1.0.0;
				PRODUCT_BUNDLE_IDENTIFIER = "com.example.Firebase-IAM";
				PRODUCT_NAME = "$(TARGET_NAME)";
				SWIFT_EMIT_LOC_STRINGS = YES;
				SWIFT_VERSION = 5.0;
				TARGETED_DEVICE_FAMILY = "1,2";
			};
			name = Release;
		};
/* End XCBuildConfiguration section */

/* Begin XCConfigurationList section */
		DAA4220D28E2F7F800B088F2 /* Build configuration list for PBXProject "Firebase-IAM" */ = {
			isa = XCConfigurationList;
			buildConfigurations = (
				DAA4221E28E2F7F900B088F2 /* Debug */,
				DAA4221F28E2F7F900B088F2 /* Release */,
			);
			defaultConfigurationIsVisible = 0;
			defaultConfigurationName = Release;
		};
		DAA4222028E2F7F900B088F2 /* Build configuration list for PBXNativeTarget "Firebase-IAM" */ = {
			isa = XCConfigurationList;
			buildConfigurations = (
				DAA4222128E2F7F900B088F2 /* Debug */,
				DAA4222228E2F7F900B088F2 /* Release */,
			);
			defaultConfigurationIsVisible = 0;
			defaultConfigurationName = Release;
		};
/* End XCConfigurationList section */
	};
	rootObject = DAA4220A28E2F7F800B088F2 /* Project object */;
}
